
Microsoft Visual Studio Solution File, Format Version 12.00
# Visual Studio Version 17
VisualStudioVersion = 17.1.32210.238
MinimumVisualStudioVersion = 10.0.40219.1
Project("{FAE04EC0-301F-11D3-BF4B-00C04F79EFBC}") = "ExamCRUD", "ExamCRUD.csproj", "{0891920E-57D3-4748-9DD9-AADEE631EF87}"
EndProject
Global
	GlobalSection(SolutionConfigurationPlatforms) = preSolution
		Debug|Any CPU = Debug|Any CPU
		Release|Any CPU = Release|Any CPU
	EndGlobalSection
	GlobalSection(ProjectConfigurationPlatforms) = postSolution
		{0891920E-57D3-4748-9DD9-AADEE631EF87}.Debug|Any CPU.ActiveCfg = Debug|Any CPU
		{0891920E-57D3-4748-9DD9-AADEE631EF87}.Debug|Any CPU.Build.0 = Debug|Any CPU
		{0891920E-57D3-4748-9DD9-AADEE631EF87}.Release|Any CPU.ActiveCfg = Release|Any CPU
		{0891920E-57D3-4748-9DD9-AADEE631EF87}.Release|Any CPU.Build.0 = Release|Any CPU
	EndGlobalSection
	GlobalSection(SolutionProperties) = preSolution
		HideSolutionNode = FALSE
	EndGlobalSection
	GlobalSection(ExtensibilityGlobals) = postSolution
		SolutionGuid = {61AE15E5-AC27-4E46-9040-201BE6D8CEB0}
	EndGlobalSection
EndGlobal
